// !$*UTF8*$!
{
	archiveVersion = 1;
	classes = {
	};
	objectVersion = 50;
	objects = {

/* Begin PBXBuildFile section */
		DECAA5022518AA9E00EBC80B /* AppDelegate.swift in Sources */ = {isa = PBXBuildFile; fileRef = DECAA5012518AA9E00EBC80B /* AppDelegate.swift */; };
		DECAA5042518AA9E00EBC80B /* SceneDelegate.swift in Sources */ = {isa = PBXBuildFile; fileRef = DECAA5032518AA9E00EBC80B /* SceneDelegate.swift */; };
		DECAA5062518AA9E00EBC80B /* ViewController.swift in Sources */ = {isa = PBXBuildFile; fileRef = DECAA5052518AA9E00EBC80B /* ViewController.swift */; };
		DECAA50B2518AAA000EBC80B /* Assets.xcassets in Resources */ = {isa = PBXBuildFile; fileRef = DECAA50A2518AAA000EBC80B /* Assets.xcassets */; };
		DECAA50E2518AAA000EBC80B /* LaunchScreen.storyboard in Resources */ = {isa = PBXBuildFile; fileRef = DECAA50C2518AAA000EBC80B /* LaunchScreen.storyboard */; };
		DECAA5182518AB9E00EBC80B /* AuthorizationFormView.swift in Sources */ = {isa = PBXBuildFile; fileRef = DECAA5162518AB9E00EBC80B /* AuthorizationFormView.swift */; };
		DECAA51D251912A900EBC80B /* StatusView.swift in Sources */ = {isa = PBXBuildFile; fileRef = DECAA51C251912A900EBC80B /* StatusView.swift */; };
/* End PBXBuildFile section */

/* Begin PBXFileReference section */
		DECAA4FE2518AA9E00EBC80B /* AuthorizationRegistration.app */ = {isa = PBXFileReference; explicitFileType = wrapper.application; includeInIndex = 0; path = AuthorizationRegistration.app; sourceTree = BUILT_PRODUCTS_DIR; };
		DECAA5012518AA9E00EBC80B /* AppDelegate.swift */ = {isa = PBXFileReference; lastKnownFileType = sourcecode.swift; path = AppDelegate.swift; sourceTree = "<group>"; };
		DECAA5032518AA9E00EBC80B /* SceneDelegate.swift */ = {isa = PBXFileReference; lastKnownFileType = sourcecode.swift; path = SceneDelegate.swift; sourceTree = "<group>"; };
		DECAA5052518AA9E00EBC80B /* ViewController.swift */ = {isa = PBXFileReference; lastKnownFileType = sourcecode.swift; path = ViewController.swift; sourceTree = "<group>"; };
		DECAA50A2518AAA000EBC80B /* Assets.xcassets */ = {isa = PBXFileReference; lastKnownFileType = folder.assetcatalog; path = Assets.xcassets; sourceTree = "<group>"; };
		DECAA50D2518AAA000EBC80B /* Base */ = {isa = PBXFileReference; lastKnownFileType = file.storyboard; name = Base; path = Base.lproj/LaunchScreen.storyboard; sourceTree = "<group>"; };
		DECAA50F2518AAA000EBC80B /* Info.plist */ = {isa = PBXFileReference; lastKnownFileType = text.plist.xml; path = Info.plist; sourceTree = "<group>"; };
		DECAA5162518AB9E00EBC80B /* AuthorizationFormView.swift */ = {isa = PBXFileReference; fileEncoding = 4; lastKnownFileType = sourcecode.swift; path = AuthorizationFormView.swift; sourceTree = "<group>"; };
		DECAA51C251912A900EBC80B /* StatusView.swift */ = {isa = PBXFileReference; lastKnownFileType = sourcecode.swift; path = StatusView.swift; sourceTree = "<group>"; };
/* End PBXFileReference section */

/* Begin PBXFrameworksBuildPhase section */
		DECAA4FB2518AA9E00EBC80B /* Frameworks */ = {
			isa = PBXFrameworksBuildPhase;
			buildActionMask = 2147483647;
			files = (
			);
			runOnlyForDeploymentPostprocessing = 0;
		};
/* End PBXFrameworksBuildPhase section */

/* Begin PBXGroup section */
		DECAA4F52518AA9E00EBC80B = {
			isa = PBXGroup;
			children = (
				DECAA5002518AA9E00EBC80B /* AuthorizationRegistration */,
				DECAA4FF2518AA9E00EBC80B /* Products */,
			);
			sourceTree = "<group>";
		};
		DECAA4FF2518AA9E00EBC80B /* Products */ = {
			isa = PBXGroup;
			children = (
				DECAA4FE2518AA9E00EBC80B /* AuthorizationRegistration.app */,
			);
			name = Products;
			sourceTree = "<group>";
		};
		DECAA5002518AA9E00EBC80B /* AuthorizationRegistration */ = {
			isa = PBXGroup;
			children = (
				DECAA5012518AA9E00EBC80B /* AppDelegate.swift */,
				DECAA5032518AA9E00EBC80B /* SceneDelegate.swift */,
				DECAA51925190F5500EBC80B /* Authorization */,
				DECAA50A2518AAA000EBC80B /* Assets.xcassets */,
				DECAA50C2518AAA000EBC80B /* LaunchScreen.storyboard */,
				DECAA50F2518AAA000EBC80B /* Info.plist */,
			);
			path = AuthorizationRegistration;
			sourceTree = "<group>";
		};
		DECAA51925190F5500EBC80B /* Authorization */ = {
			isa = PBXGroup;
			children = (
				DECAA5052518AA9E00EBC80B /* ViewController.swift */,
				DECAA5162518AB9E00EBC80B /* AuthorizationFormView.swift */,
				DECAA51C251912A900EBC80B /* StatusView.swift */,
			);
			path = Authorization;
			sourceTree = "<group>";
		};
/* End PBXGroup section */

/* Begin PBXNativeTarget section */
		DECAA4FD2518AA9E00EBC80B /* AuthorizationRegistration */ = {
			isa = PBXNativeTarget;
			buildConfigurationList = DECAA5122518AAA000EBC80B /* Build configuration list for PBXNativeTarget "AuthorizationRegistration" */;
			buildPhases = (
				DECAA4FA2518AA9E00EBC80B /* Sources */,
				DECAA4FB2518AA9E00EBC80B /* Frameworks */,
				DECAA4FC2518AA9E00EBC80B /* Resources */,
			);
			buildRules = (
			);
			dependencies = (
			);
			name = AuthorizationRegistration;
			productName = AuthorizationRegistration;
			productReference = DECAA4FE2518AA9E00EBC80B /* AuthorizationRegistration.app */;
			productType = "com.apple.product-type.application";
		};
/* End PBXNativeTarget section */

/* Begin PBXProject section */
		DECAA4F62518AA9E00EBC80B /* Project object */ = {
			isa = PBXProject;
			attributes = {
				LastSwiftUpdateCheck = 1170;
				LastUpgradeCheck = 1170;
				ORGANIZATIONNAME = "Ruslan Akhmadeev";
				TargetAttributes = {
					DECAA4FD2518AA9E00EBC80B = {
						CreatedOnToolsVersion = 11.7;
					};
				};
			};
			buildConfigurationList = DECAA4F92518AA9E00EBC80B /* Build configuration list for PBXProject "AuthorizationRegistration" */;
			compatibilityVersion = "Xcode 9.3";
			developmentRegion = en;
			hasScannedForEncodings = 0;
			knownRegions = (
				en,
				Base,
			);
			mainGroup = DECAA4F52518AA9E00EBC80B;
			productRefGroup = DECAA4FF2518AA9E00EBC80B /* Products */;
			projectDirPath = "";
			projectRoot = "";
			targets = (
				DECAA4FD2518AA9E00EBC80B /* AuthorizationRegistration */,
			);
		};
/* End PBXProject section */

/* Begin PBXResourcesBuildPhase section */
		DECAA4FC2518AA9E00EBC80B /* Resources */ = {
			isa = PBXResourcesBuildPhase;
			buildActionMask = 2147483647;
			files = (
				DECAA50E2518AAA000EBC80B /* LaunchScreen.storyboard in Resources */,
				DECAA50B2518AAA000EBC80B /* Assets.xcassets in Resources */,
			);
			runOnlyForDeploymentPostprocessing = 0;
		};
/* End PBXResourcesBuildPhase section */

/* Begin PBXSourcesBuildPhase section */
		DECAA4FA2518AA9E00EBC80B /* Sources */ = {
			isa = PBXSourcesBuildPhase;
			buildActionMask = 2147483647;
			files = (
				DECAA5062518AA9E00EBC80B /* ViewController.swift in Sources */,
				DECAA5022518AA9E00EBC80B /* AppDelegate.swift in Sources */,
				DECAA5042518AA9E00EBC80B /* SceneDelegate.swift in Sources */,
				DECAA5182518AB9E00EBC80B /* AuthorizationFormView.swift in Sources */,
				DECAA51D251912A900EBC80B /* StatusView.swift in Sources */,
			);
			runOnlyForDeploymentPostprocessing = 0;
		};
/* End PBXSourcesBuildPhase section */

/* Begin PBXVariantGroup section */
		DECAA50C2518AAA000EBC80B /* LaunchScreen.storyboard */ = {
			isa = PBXVariantGroup;
			children = (
				DECAA50D2518AAA000EBC80B /* Base */,
			);
			name = LaunchScreen.storyboard;
			sourceTree = "<group>";
		};
/* End PBXVariantGroup section */

/* Begin XCBuildConfiguration section */
		DECAA5102518AAA000EBC80B /* Debug */ = {
			isa = XCBuildConfiguration;
			buildSettings = {
				ALWAYS_SEARCH_USER_PATHS = NO;
				CLANG_ANALYZER_NONNULL = YES;
				CLANG_ANALYZER_NUMBER_OBJECT_CONVERSION = YES_AGGRESSIVE;
				CLANG_CXX_LANGUAGE_STANDARD = "gnu++14";
				CLANG_CXX_LIBRARY = "libc++";
				CLANG_ENABLE_MODULES = YES;
				CLANG_ENABLE_OBJC_ARC = YES;
				CLANG_ENABLE_OBJC_WEAK = YES;
				CLANG_WARN_BLOCK_CAPTURE_AUTORELEASING = YES;
				CLANG_WARN_BOOL_CONVERSION = YES;
				CLANG_WARN_COMMA = YES;
				CLANG_WARN_CONSTANT_CONVERSION = YES;
				CLANG_WARN_DEPRECATED_OBJC_IMPLEMENTATIONS = YES;
				CLANG_WARN_DIRECT_OBJC_ISA_USAGE = YES_ERROR;
				CLANG_WARN_DOCUMENTATION_COMMENTS = YES;
				CLANG_WARN_EMPTY_BODY = YES;
				CLANG_WARN_ENUM_CONVERSION = YES;
				CLANG_WARN_INFINITE_RECURSION = YES;
				CLANG_WARN_INT_CONVERSION = YES;
				CLANG_WARN_NON_LITERAL_NULL_CONVERSION = YES;
				CLANG_WARN_OBJC_IMPLICIT_RETAIN_SELF = YES;
				CLANG_WARN_OBJC_LITERAL_CONVERSION = YES;
				CLANG_WARN_OBJC_ROOT_CLASS = YES_ERROR;
				CLANG_WARN_RANGE_LOOP_ANALYSIS = YES;
				CLANG_WARN_STRICT_PROTOTYPES = YES;
				CLANG_WARN_SUSPICIOUS_MOVE = YES;
				CLANG_WARN_UNGUARDED_AVAILABILITY = YES_AGGRESSIVE;
				CLANG_WARN_UNREACHABLE_CODE = YES;
				CLANG_WARN__DUPLICATE_METHOD_MATCH = YES;
				COPY_PHASE_STRIP = NO;
				DEBUG_INFORMATION_FORMAT = dwarf;
				ENABLE_STRICT_OBJC_MSGSEND = YES;
				ENABLE_TESTABILITY = YES;
				GCC_C_LANGUAGE_STANDARD = gnu11;
				GCC_DYNAMIC_NO_PIC = NO;
				GCC_NO_COMMON_BLOCKS = YES;
				GCC_OPTIMIZATION_LEVEL = 0;
				GCC_PREPROCESSOR_DEFINITIONS = (
					"DEBUG=1",
					"$(inherited)",
				);
				GCC_WARN_64_TO_32_BIT_CONVERSION = YES;
				GCC_WARN_ABOUT_RETURN_TYPE = YES_ERROR;
				GCC_WARN_UNDECLARED_SELECTOR = YES;
				GCC_WARN_UNINITIALIZED_AUTOS = YES_AGGRESSIVE;
				GCC_WARN_UNUSED_FUNCTION = YES;
				GCC_WARN_UNUSED_VARIABLE = YES;
				IPHONEOS_DEPLOYMENT_TARGET = 13.7;
				MTL_ENABLE_DEBUG_INFO = INCLUDE_SOURCE;
				MTL_FAST_MATH = YES;
				ONLY_ACTIVE_ARCH = YES;
				SDKROOT = iphoneos;
				SWIFT_ACTIVE_COMPILATION_CONDITIONS = DEBUG;
				SWIFT_OPTIMIZATION_LEVEL = "-Onone";
			};
			name = Debug;
		};
		DECAA5112518AAA000EBC80B /* Release */ = {
			isa = XCBuildConfiguration;
			buildSettings = {
				ALWAYS_SEARCH_USER_PATHS = NO;
				CLANG_ANALYZER_NONNULL = YES;
				CLANG_ANALYZER_NUMBER_OBJECT_CONVERSION = YES_AGGRESSIVE;
				CLANG_CXX_LANGUAGE_STANDARD = "gnu++14";
				CLANG_CXX_LIBRARY = "libc++";
				CLANG_ENABLE_MODULES = YES;
				CLANG_ENABLE_OBJC_ARC = YES;
				CLANG_ENABLE_OBJC_WEAK = YES;
				CLANG_WARN_BLOCK_CAPTURE_AUTORELEASING = YES;
				CLANG_WARN_BOOL_CONVERSION = YES;
				CLANG_WARN_COMMA = YES;
				CLANG_WARN_CONSTANT_CONVERSION = YES;
				CLANG_WARN_DEPRECATED_OBJC_IMPLEMENTATIONS = YES;
				CLANG_WARN_DIRECT_OBJC_ISA_USAGE = YES_ERROR;
				CLANG_WARN_DOCUMENTATION_COMMENTS = YES;
				CLANG_WARN_EMPTY_BODY = YES;
				CLANG_WARN_ENUM_CONVERSION = YES;
				CLANG_WARN_INFINITE_RECURSION = YES;
				CLANG_WARN_INT_CONVERSION = YES;
				CLANG_WARN_NON_LITERAL_NULL_CONVERSION = YES;
				CLANG_WARN_OBJC_IMPLICIT_RETAIN_SELF = YES;
				CLANG_WARN_OBJC_LITERAL_CONVERSION = YES;
				CLANG_WARN_OBJC_ROOT_CLASS = YES_ERROR;
				CLANG_WARN_RANGE_LOOP_ANALYSIS = YES;
				CLANG_WARN_STRICT_PROTOTYPES = YES;
				CLANG_WARN_SUSPICIOUS_MOVE = YES;
				CLANG_WARN_UNGUARDED_AVAILABILITY = YES_AGGRESSIVE;
				CLANG_WARN_UNREACHABLE_CODE = YES;
				CLANG_WARN__DUPLICATE_METHOD_MATCH = YES;
				COPY_PHASE_STRIP = NO;
				DEBUG_INFORMATION_FORMAT = "dwarf-with-dsym";
				ENABLE_NS_ASSERTIONS = NO;
				ENABLE_STRICT_OBJC_MSGSEND = YES;
				GCC_C_LANGUAGE_STANDARD = gnu11;
				GCC_NO_COMMON_BLOCKS = YES;
				GCC_WARN_64_TO_32_BIT_CONVERSION = YES;
				GCC_WARN_ABOUT_RETURN_TYPE = YES_ERROR;
				GCC_WARN_UNDECLARED_SELECTOR = YES;
				GCC_WARN_UNINITIALIZED_AUTOS = YES_AGGRESSIVE;
				GCC_WARN_UNUSED_FUNCTION = YES;
				GCC_WARN_UNUSED_VARIABLE = YES;
				IPHONEOS_DEPLOYMENT_TARGET = 13.7;
				MTL_ENABLE_DEBUG_INFO = NO;
				MTL_FAST_MATH = YES;
				SDKROOT = iphoneos;
				SWIFT_COMPILATION_MODE = wholemodule;
				SWIFT_OPTIMIZATION_LEVEL = "-O";
				VALIDATE_PRODUCT = YES;
			};
			name = Release;
		};
		DECAA5132518AAA000EBC80B /* Debug */ = {
			isa = XCBuildConfiguration;
			buildSettings = {
				ASSETCATALOG_COMPILER_APPICON_NAME = AppIcon;
				CODE_SIGN_STYLE = Automatic;
				DEVELOPMENT_TEAM = J468ZV6D4V;
				INFOPLIST_FILE = AuthorizationRegistration/Info.plist;
				LD_RUNPATH_SEARCH_PATHS = (
					"$(inherited)",
					"@executable_path/Frameworks",
				);
				PRODUCT_BUNDLE_IDENTIFIER = akhaman.AuthorizationRegistration;
				PRODUCT_NAME = "$(TARGET_NAME)";
				SWIFT_VERSION = 5.0;
				TARGETED_DEVICE_FAMILY = "1,2";
			};
			name = Debug;
		};
		DECAA5142518AAA000EBC80B /* Release */ = {
			isa = XCBuildConfiguration;
			buildSettings = {
				ASSETCATALOG_COMPILER_APPICON_NAME = AppIcon;
				CODE_SIGN_STYLE = Automatic;
				DEVELOPMENT_TEAM = J468ZV6D4V;
				INFOPLIST_FILE = AuthorizationRegistration/Info.plist;
				LD_RUNPATH_SEARCH_PATHS = (
					"$(inherited)",
					"@executable_path/Frameworks",
				);
				PRODUCT_BUNDLE_IDENTIFIER = akhaman.AuthorizationRegistration;
				PRODUCT_NAME = "$(TARGET_NAME)";
				SWIFT_VERSION = 5.0;
				TARGETED_DEVICE_FAMILY = "1,2";
			};
			name = Release;
		};
/* End XCBuildConfiguration section */

/* Begin XCConfigurationList section */
		DECAA4F92518AA9E00EBC80B /* Build configuration list for PBXProject "AuthorizationRegistration" */ = {
			isa = XCConfigurationList;
			buildConfigurations = (
				DECAA5102518AAA000EBC80B /* Debug */,
				DECAA5112518AAA000EBC80B /* Release */,
			);
			defaultConfigurationIsVisible = 0;
			defaultConfigurationName = Release;
		};
		DECAA5122518AAA000EBC80B /* Build configuration list for PBXNativeTarget "AuthorizationRegistration" */ = {
			isa = XCConfigurationList;
			buildConfigurations = (
				DECAA5132518AAA000EBC80B /* Debug */,
				DECAA5142518AAA000EBC80B /* Release */,
			);
			defaultConfigurationIsVisible = 0;
			defaultConfigurationName = Release;
		};
/* End XCConfigurationList section */
	};
	rootObject = DECAA4F62518AA9E00EBC80B /* Project object */;
}
